// !$*UTF8*$!
{
	archiveVersion = 1;
	classes = {
	};
	objectVersion = 56;
	objects = {

/* Begin PBXBuildFile section */
		76185C302A5AEE1100DD29A7 /* AppDelegate.swift in Sources */ = {isa = PBXBuildFile; fileRef = 76185C2F2A5AEE1100DD29A7 /* AppDelegate.swift */; };
		76185C322A5AEE1100DD29A7 /* SceneDelegate.swift in Sources */ = {isa = PBXBuildFile; fileRef = 76185C312A5AEE1100DD29A7 /* SceneDelegate.swift */; };
		76185C342A5AEE1100DD29A7 /* ReminderListViewController.swift in Sources */ = {isa = PBXBuildFile; fileRef = 76185C332A5AEE1100DD29A7 /* ReminderListViewController.swift */; };
		76185C372A5AEE1100DD29A7 /* Main.storyboard in Resources */ = {isa = PBXBuildFile; fileRef = 76185C352A5AEE1100DD29A7 /* Main.storyboard */; };
		76185C3C2A5AEE1200DD29A7 /* LaunchScreen.storyboard in Resources */ = {isa = PBXBuildFile; fileRef = 76185C3A2A5AEE1200DD29A7 /* LaunchScreen.storyboard */; };
		76185C452A5AF15300DD29A7 /* Reminder.swift in Sources */ = {isa = PBXBuildFile; fileRef = 76185C442A5AF15300DD29A7 /* Reminder.swift */; };
		76185C472A5AFBDE00DD29A7 /* Date+Today.swift in Sources */ = {isa = PBXBuildFile; fileRef = 76185C462A5AFBDE00DD29A7 /* Date+Today.swift */; };
		76185C4A2A5AFF0E00DD29A7 /* ReminderListViewController+DataSource.swift in Sources */ = {isa = PBXBuildFile; fileRef = 76185C492A5AFF0E00DD29A7 /* ReminderListViewController+DataSource.swift */; };
		76185C542A5B082F00DD29A7 /* Assets.xcassets in Resources */ = {isa = PBXBuildFile; fileRef = 76185C532A5B082F00DD29A7 /* Assets.xcassets */; };
		76185C562A5B0CE900DD29A7 /* UIColor+Today.swift in Sources */ = {isa = PBXBuildFile; fileRef = 76185C552A5B0CE900DD29A7 /* UIColor+Today.swift */; };
		76185C582A5B107B00DD29A7 /* ReminderDoneButton.swift in Sources */ = {isa = PBXBuildFile; fileRef = 76185C572A5B107B00DD29A7 /* ReminderDoneButton.swift */; };
		76185C5A2A5B114900DD29A7 /* ReminderListViewController+Actions.swift in Sources */ = {isa = PBXBuildFile; fileRef = 76185C592A5B114900DD29A7 /* ReminderListViewController+Actions.swift */; };
		76185C5C2A5BA4ED00DD29A7 /* ReminderViewController.swift in Sources */ = {isa = PBXBuildFile; fileRef = 76185C5B2A5BA4ED00DD29A7 /* ReminderViewController.swift */; };
		76185C5F2A5BA8F600DD29A7 /* ReminderViewController+Row.swift in Sources */ = {isa = PBXBuildFile; fileRef = 76185C5E2A5BA8F600DD29A7 /* ReminderViewController+Row.swift */; };
		76185C612A5BD78200DD29A7 /* ReminderViewController+Section.swift in Sources */ = {isa = PBXBuildFile; fileRef = 76185C602A5BD78200DD29A7 /* ReminderViewController+Section.swift */; };
		76185C632A5BECAA00DD29A7 /* Controller+CellConfiguration.swift in Sources */ = {isa = PBXBuildFile; fileRef = 76185C622A5BECAA00DD29A7 /* Controller+CellConfiguration.swift */; };
		76185C662A5C061E00DD29A7 /* UIView+PinnedSubview.swift in Sources */ = {isa = PBXBuildFile; fileRef = 76185C652A5C061E00DD29A7 /* UIView+PinnedSubview.swift */; };
		76185C682A5C2E8000DD29A7 /* TextFieldContentView.swift in Sources */ = {isa = PBXBuildFile; fileRef = 76185C672A5C2E8000DD29A7 /* TextFieldContentView.swift */; };
		76185C6A2A5C30C700DD29A7 /* UIContentConfiguration+Stateless.swift in Sources */ = {isa = PBXBuildFile; fileRef = 76185C692A5C30C700DD29A7 /* UIContentConfiguration+Stateless.swift */; };
		76185C6C2A5C3BF500DD29A7 /* TextViewContentView.swift in Sources */ = {isa = PBXBuildFile; fileRef = 76185C6B2A5C3BF500DD29A7 /* TextViewContentView.swift */; };
		76185C6E2A5C42EE00DD29A7 /* DatePickerContentView.swift in Sources */ = {isa = PBXBuildFile; fileRef = 76185C6D2A5C42EE00DD29A7 /* DatePickerContentView.swift */; };
		76185C702A5D170800DD29A7 /* ReminderListStyle.swift in Sources */ = {isa = PBXBuildFile; fileRef = 76185C6F2A5D170800DD29A7 /* ReminderListStyle.swift */; };
		76185C722A5D350400DD29A7 /* ProgressHeaderView.swift in Sources */ = {isa = PBXBuildFile; fileRef = 76185C712A5D350400DD29A7 /* ProgressHeaderView.swift */; };
		76185C742A5D848D00DD29A7 /* CAGradientLayer+ListStyle.swift in Sources */ = {isa = PBXBuildFile; fileRef = 76185C732A5D848D00DD29A7 /* CAGradientLayer+ListStyle.swift */; };
		76185C762A5D8E6B00DD29A7 /* TodayError.swift in Sources */ = {isa = PBXBuildFile; fileRef = 76185C752A5D8E6B00DD29A7 /* TodayError.swift */; };
		76185C782A5D8F0C00DD29A7 /* EKEventStore+AsyncFetch.swift in Sources */ = {isa = PBXBuildFile; fileRef = 76185C772A5D8F0C00DD29A7 /* EKEventStore+AsyncFetch.swift */; };
		76185C7A2A5D911900DD29A7 /* Reminder+EKReminder.swift in Sources */ = {isa = PBXBuildFile; fileRef = 76185C792A5D911900DD29A7 /* Reminder+EKReminder.swift */; };
		76185C7C2A5D935600DD29A7 /* ReminderStore.swift in Sources */ = {isa = PBXBuildFile; fileRef = 76185C7B2A5D935600DD29A7 /* ReminderStore.swift */; };
/* End PBXBuildFile section */

/* Begin PBXFileReference section */
		76185C2C2A5AEE1100DD29A7 /* Today.app */ = {isa = PBXFileReference; explicitFileType = wrapper.application; includeInIndex = 0; path = Today.app; sourceTree = BUILT_PRODUCTS_DIR; };
		76185C2F2A5AEE1100DD29A7 /* AppDelegate.swift */ = {isa = PBXFileReference; lastKnownFileType = sourcecode.swift; path = AppDelegate.swift; sourceTree = "<group>"; };
		76185C312A5AEE1100DD29A7 /* SceneDelegate.swift */ = {isa = PBXFileReference; lastKnownFileType = sourcecode.swift; path = SceneDelegate.swift; sourceTree = "<group>"; };
		76185C332A5AEE1100DD29A7 /* ReminderListViewController.swift */ = {isa = PBXFileReference; lastKnownFileType = sourcecode.swift; path = ReminderListViewController.swift; sourceTree = "<group>"; };
		76185C362A5AEE1100DD29A7 /* Base */ = {isa = PBXFileReference; lastKnownFileType = file.storyboard; name = Base; path = Base.lproj/Main.storyboard; sourceTree = "<group>"; };
		76185C3B2A5AEE1200DD29A7 /* Base */ = {isa = PBXFileReference; lastKnownFileType = file.storyboard; name = Base; path = Base.lproj/LaunchScreen.storyboard; sourceTree = "<group>"; };
		76185C3D2A5AEE1200DD29A7 /* Info.plist */ = {isa = PBXFileReference; lastKnownFileType = text.plist.xml; path = Info.plist; sourceTree = "<group>"; };
		76185C442A5AF15300DD29A7 /* Reminder.swift */ = {isa = PBXFileReference; lastKnownFileType = sourcecode.swift; path = Reminder.swift; sourceTree = "<group>"; };
		76185C462A5AFBDE00DD29A7 /* Date+Today.swift */ = {isa = PBXFileReference; lastKnownFileType = sourcecode.swift; path = "Date+Today.swift"; sourceTree = "<group>"; };
		76185C492A5AFF0E00DD29A7 /* ReminderListViewController+DataSource.swift */ = {isa = PBXFileReference; lastKnownFileType = sourcecode.swift; path = "ReminderListViewController+DataSource.swift"; sourceTree = "<group>"; };
		76185C532A5B082F00DD29A7 /* Assets.xcassets */ = {isa = PBXFileReference; lastKnownFileType = folder.assetcatalog; path = Assets.xcassets; sourceTree = "<group>"; };
		76185C552A5B0CE900DD29A7 /* UIColor+Today.swift */ = {isa = PBXFileReference; fileEncoding = 4; lastKnownFileType = sourcecode.swift; path = "UIColor+Today.swift"; sourceTree = "<group>"; };
		76185C572A5B107B00DD29A7 /* ReminderDoneButton.swift */ = {isa = PBXFileReference; lastKnownFileType = sourcecode.swift; path = ReminderDoneButton.swift; sourceTree = "<group>"; };
		76185C592A5B114900DD29A7 /* ReminderListViewController+Actions.swift */ = {isa = PBXFileReference; lastKnownFileType = sourcecode.swift; path = "ReminderListViewController+Actions.swift"; sourceTree = "<group>"; };
		76185C5B2A5BA4ED00DD29A7 /* ReminderViewController.swift */ = {isa = PBXFileReference; lastKnownFileType = sourcecode.swift; path = ReminderViewController.swift; sourceTree = "<group>"; };
		76185C5E2A5BA8F600DD29A7 /* ReminderViewController+Row.swift */ = {isa = PBXFileReference; lastKnownFileType = sourcecode.swift; path = "ReminderViewController+Row.swift"; sourceTree = "<group>"; };
		76185C602A5BD78200DD29A7 /* ReminderViewController+Section.swift */ = {isa = PBXFileReference; lastKnownFileType = sourcecode.swift; path = "ReminderViewController+Section.swift"; sourceTree = "<group>"; };
		76185C622A5BECAA00DD29A7 /* Controller+CellConfiguration.swift */ = {isa = PBXFileReference; lastKnownFileType = sourcecode.swift; path = "Controller+CellConfiguration.swift"; sourceTree = "<group>"; };
		76185C652A5C061E00DD29A7 /* UIView+PinnedSubview.swift */ = {isa = PBXFileReference; lastKnownFileType = sourcecode.swift; path = "UIView+PinnedSubview.swift"; sourceTree = "<group>"; };
		76185C672A5C2E8000DD29A7 /* TextFieldContentView.swift */ = {isa = PBXFileReference; lastKnownFileType = sourcecode.swift; path = TextFieldContentView.swift; sourceTree = "<group>"; };
		76185C692A5C30C700DD29A7 /* UIContentConfiguration+Stateless.swift */ = {isa = PBXFileReference; lastKnownFileType = sourcecode.swift; path = "UIContentConfiguration+Stateless.swift"; sourceTree = "<group>"; };
		76185C6B2A5C3BF500DD29A7 /* TextViewContentView.swift */ = {isa = PBXFileReference; lastKnownFileType = sourcecode.swift; path = TextViewContentView.swift; sourceTree = "<group>"; };
		76185C6D2A5C42EE00DD29A7 /* DatePickerContentView.swift */ = {isa = PBXFileReference; lastKnownFileType = sourcecode.swift; path = DatePickerContentView.swift; sourceTree = "<group>"; };
		76185C6F2A5D170800DD29A7 /* ReminderListStyle.swift */ = {isa = PBXFileReference; lastKnownFileType = sourcecode.swift; path = ReminderListStyle.swift; sourceTree = "<group>"; };
		76185C712A5D350400DD29A7 /* ProgressHeaderView.swift */ = {isa = PBXFileReference; lastKnownFileType = sourcecode.swift; path = ProgressHeaderView.swift; sourceTree = "<group>"; };
		76185C732A5D848D00DD29A7 /* CAGradientLayer+ListStyle.swift */ = {isa = PBXFileReference; lastKnownFileType = sourcecode.swift; path = "CAGradientLayer+ListStyle.swift"; sourceTree = "<group>"; };
		76185C752A5D8E6B00DD29A7 /* TodayError.swift */ = {isa = PBXFileReference; lastKnownFileType = sourcecode.swift; path = TodayError.swift; sourceTree = "<group>"; };
		76185C772A5D8F0C00DD29A7 /* EKEventStore+AsyncFetch.swift */ = {isa = PBXFileReference; lastKnownFileType = sourcecode.swift; path = "EKEventStore+AsyncFetch.swift"; sourceTree = "<group>"; };
		76185C792A5D911900DD29A7 /* Reminder+EKReminder.swift */ = {isa = PBXFileReference; lastKnownFileType = sourcecode.swift; path = "Reminder+EKReminder.swift"; sourceTree = "<group>"; };
		76185C7B2A5D935600DD29A7 /* ReminderStore.swift */ = {isa = PBXFileReference; lastKnownFileType = sourcecode.swift; path = ReminderStore.swift; sourceTree = "<group>"; };
/* End PBXFileReference section */

/* Begin PBXFrameworksBuildPhase section */
		76185C292A5AEE1100DD29A7 /* Frameworks */ = {
			isa = PBXFrameworksBuildPhase;
			buildActionMask = 2147483647;
			files = (
			);
			runOnlyForDeploymentPostprocessing = 0;
		};
/* End PBXFrameworksBuildPhase section */

/* Begin PBXGroup section */
		76185C232A5AEE1100DD29A7 = {
			isa = PBXGroup;
			children = (
				76185C2E2A5AEE1100DD29A7 /* Today */,
				76185C2D2A5AEE1100DD29A7 /* Products */,
			);
			sourceTree = "<group>";
		};
		76185C2D2A5AEE1100DD29A7 /* Products */ = {
			isa = PBXGroup;
			children = (
				76185C2C2A5AEE1100DD29A7 /* Today.app */,
			);
			name = Products;
			sourceTree = "<group>";
		};
		76185C2E2A5AEE1100DD29A7 /* Today */ = {
			isa = PBXGroup;
			children = (
				76185C642A5C05AE00DD29A7 /* ContentViews */,
				76185C532A5B082F00DD29A7 /* Assets.xcassets */,
				76185C432A5AF13300DD29A7 /* Models */,
				76185C2F2A5AEE1100DD29A7 /* AppDelegate.swift */,
				76185C312A5AEE1100DD29A7 /* SceneDelegate.swift */,
				76185C482A5AFEDD00DD29A7 /* ListViewController */,
				76185C352A5AEE1100DD29A7 /* Main.storyboard */,
				76185C3A2A5AEE1200DD29A7 /* LaunchScreen.storyboard */,
				76185C3D2A5AEE1200DD29A7 /* Info.plist */,
				76185C5D2A5BA6AA00DD29A7 /* DetailViewController */,
			);
			path = Today;
			sourceTree = "<group>";
		};
		76185C432A5AF13300DD29A7 /* Models */ = {
			isa = PBXGroup;
			children = (
				76185C552A5B0CE900DD29A7 /* UIColor+Today.swift */,
				76185C442A5AF15300DD29A7 /* Reminder.swift */,
				76185C462A5AFBDE00DD29A7 /* Date+Today.swift */,
				76185C6F2A5D170800DD29A7 /* ReminderListStyle.swift */,
				76185C732A5D848D00DD29A7 /* CAGradientLayer+ListStyle.swift */,
				76185C752A5D8E6B00DD29A7 /* TodayError.swift */,
				76185C772A5D8F0C00DD29A7 /* EKEventStore+AsyncFetch.swift */,
				76185C792A5D911900DD29A7 /* Reminder+EKReminder.swift */,
				76185C7B2A5D935600DD29A7 /* ReminderStore.swift */,
			);
			path = Models;
			sourceTree = "<group>";
		};
		76185C482A5AFEDD00DD29A7 /* ListViewController */ = {
			isa = PBXGroup;
			children = (
				76185C332A5AEE1100DD29A7 /* ReminderListViewController.swift */,
				76185C492A5AFF0E00DD29A7 /* ReminderListViewController+DataSource.swift */,
				76185C572A5B107B00DD29A7 /* ReminderDoneButton.swift */,
				76185C592A5B114900DD29A7 /* ReminderListViewController+Actions.swift */,
				76185C712A5D350400DD29A7 /* ProgressHeaderView.swift */,
			);
			path = ListViewController;
			sourceTree = "<group>";
		};
		76185C5D2A5BA6AA00DD29A7 /* DetailViewController */ = {
			isa = PBXGroup;
			children = (
				76185C5B2A5BA4ED00DD29A7 /* ReminderViewController.swift */,
				76185C622A5BECAA00DD29A7 /* Controller+CellConfiguration.swift */,
				76185C5E2A5BA8F600DD29A7 /* ReminderViewController+Row.swift */,
				76185C602A5BD78200DD29A7 /* ReminderViewController+Section.swift */,
			);
			path = DetailViewController;
			sourceTree = "<group>";
		};
		76185C642A5C05AE00DD29A7 /* ContentViews */ = {
			isa = PBXGroup;
			children = (
				76185C652A5C061E00DD29A7 /* UIView+PinnedSubview.swift */,
				76185C672A5C2E8000DD29A7 /* TextFieldContentView.swift */,
				76185C692A5C30C700DD29A7 /* UIContentConfiguration+Stateless.swift */,
				76185C6B2A5C3BF500DD29A7 /* TextViewContentView.swift */,
				76185C6D2A5C42EE00DD29A7 /* DatePickerContentView.swift */,
			);
			path = ContentViews;
			sourceTree = "<group>";
		};
/* End PBXGroup section */

/* Begin PBXNativeTarget section */
		76185C2B2A5AEE1100DD29A7 /* Today */ = {
			isa = PBXNativeTarget;
			buildConfigurationList = 76185C402A5AEE1200DD29A7 /* Build configuration list for PBXNativeTarget "Today" */;
			buildPhases = (
				76185C282A5AEE1100DD29A7 /* Sources */,
				76185C292A5AEE1100DD29A7 /* Frameworks */,
				76185C2A2A5AEE1100DD29A7 /* Resources */,
			);
			buildRules = (
			);
			dependencies = (
			);
			name = Today;
			productName = Today;
			productReference = 76185C2C2A5AEE1100DD29A7 /* Today.app */;
			productType = "com.apple.product-type.application";
		};
/* End PBXNativeTarget section */

/* Begin PBXProject section */
		76185C242A5AEE1100DD29A7 /* Project object */ = {
			isa = PBXProject;
			attributes = {
				BuildIndependentTargetsInParallel = 1;
				LastSwiftUpdateCheck = 1430;
				LastUpgradeCheck = 1430;
				TargetAttributes = {
					76185C2B2A5AEE1100DD29A7 = {
						CreatedOnToolsVersion = 14.3.1;
					};
				};
			};
			buildConfigurationList = 76185C272A5AEE1100DD29A7 /* Build configuration list for PBXProject "Today" */;
			compatibilityVersion = "Xcode 14.0";
			developmentRegion = en;
			hasScannedForEncodings = 0;
			knownRegions = (
				en,
				Base,
			);
			mainGroup = 76185C232A5AEE1100DD29A7;
			productRefGroup = 76185C2D2A5AEE1100DD29A7 /* Products */;
			projectDirPath = "";
			projectRoot = "";
			targets = (
				76185C2B2A5AEE1100DD29A7 /* Today */,
			);
		};
/* End PBXProject section */

/* Begin PBXResourcesBuildPhase section */
		76185C2A2A5AEE1100DD29A7 /* Resources */ = {
			isa = PBXResourcesBuildPhase;
			buildActionMask = 2147483647;
			files = (
				76185C3C2A5AEE1200DD29A7 /* LaunchScreen.storyboard in Resources */,
				76185C542A5B082F00DD29A7 /* Assets.xcassets in Resources */,
				76185C372A5AEE1100DD29A7 /* Main.storyboard in Resources */,
			);
			runOnlyForDeploymentPostprocessing = 0;
		};
/* End PBXResourcesBuildPhase section */

/* Begin PBXSourcesBuildPhase section */
		76185C282A5AEE1100DD29A7 /* Sources */ = {
			isa = PBXSourcesBuildPhase;
			buildActionMask = 2147483647;
			files = (
				76185C722A5D350400DD29A7 /* ProgressHeaderView.swift in Sources */,
				76185C662A5C061E00DD29A7 /* UIView+PinnedSubview.swift in Sources */,
				76185C612A5BD78200DD29A7 /* ReminderViewController+Section.swift in Sources */,
				76185C6E2A5C42EE00DD29A7 /* DatePickerContentView.swift in Sources */,
				76185C562A5B0CE900DD29A7 /* UIColor+Today.swift in Sources */,
				76185C5A2A5B114900DD29A7 /* ReminderListViewController+Actions.swift in Sources */,
				76185C762A5D8E6B00DD29A7 /* TodayError.swift in Sources */,
				76185C5C2A5BA4ED00DD29A7 /* ReminderViewController.swift in Sources */,
				76185C702A5D170800DD29A7 /* ReminderListStyle.swift in Sources */,
				76185C6A2A5C30C700DD29A7 /* UIContentConfiguration+Stateless.swift in Sources */,
				76185C342A5AEE1100DD29A7 /* ReminderListViewController.swift in Sources */,
				76185C472A5AFBDE00DD29A7 /* Date+Today.swift in Sources */,
				76185C682A5C2E8000DD29A7 /* TextFieldContentView.swift in Sources */,
				76185C6C2A5C3BF500DD29A7 /* TextViewContentView.swift in Sources */,
				76185C632A5BECAA00DD29A7 /* Controller+CellConfiguration.swift in Sources */,
				76185C5F2A5BA8F600DD29A7 /* ReminderViewController+Row.swift in Sources */,
				76185C582A5B107B00DD29A7 /* ReminderDoneButton.swift in Sources */,
				76185C302A5AEE1100DD29A7 /* AppDelegate.swift in Sources */,
				76185C322A5AEE1100DD29A7 /* SceneDelegate.swift in Sources */,
				76185C7A2A5D911900DD29A7 /* Reminder+EKReminder.swift in Sources */,
				76185C782A5D8F0C00DD29A7 /* EKEventStore+AsyncFetch.swift in Sources */,
				76185C452A5AF15300DD29A7 /* Reminder.swift in Sources */,
				76185C742A5D848D00DD29A7 /* CAGradientLayer+ListStyle.swift in Sources */,
				76185C4A2A5AFF0E00DD29A7 /* ReminderListViewController+DataSource.swift in Sources */,
				76185C7C2A5D935600DD29A7 /* ReminderStore.swift in Sources */,
			);
			runOnlyForDeploymentPostprocessing = 0;
		};
/* End PBXSourcesBuildPhase section */

/* Begin PBXVariantGroup section */
		76185C352A5AEE1100DD29A7 /* Main.storyboard */ = {
			isa = PBXVariantGroup;
			children = (
				76185C362A5AEE1100DD29A7 /* Base */,
			);
			name = Main.storyboard;
			sourceTree = "<group>";
		};
		76185C3A2A5AEE1200DD29A7 /* LaunchScreen.storyboard */ = {
			isa = PBXVariantGroup;
			children = (
				76185C3B2A5AEE1200DD29A7 /* Base */,
			);
			name = LaunchScreen.storyboard;
			sourceTree = "<group>";
		};
/* End PBXVariantGroup section */

/* Begin XCBuildConfiguration section */
		76185C3E2A5AEE1200DD29A7 /* Debug */ = {
			isa = XCBuildConfiguration;
			buildSettings = {
				ALWAYS_SEARCH_USER_PATHS = NO;
				CLANG_ANALYZER_NONNULL = YES;
				CLANG_ANALYZER_NUMBER_OBJECT_CONVERSION = YES_AGGRESSIVE;
				CLANG_CXX_LANGUAGE_STANDARD = "gnu++20";
				CLANG_ENABLE_MODULES = YES;
				CLANG_ENABLE_OBJC_ARC = YES;
				CLANG_ENABLE_OBJC_WEAK = YES;
				CLANG_WARN_BLOCK_CAPTURE_AUTORELEASING = YES;
				CLANG_WARN_BOOL_CONVERSION = YES;
				CLANG_WARN_COMMA = YES;
				CLANG_WARN_CONSTANT_CONVERSION = YES;
				CLANG_WARN_DEPRECATED_OBJC_IMPLEMENTATIONS = YES;
				CLANG_WARN_DIRECT_OBJC_ISA_USAGE = YES_ERROR;
				CLANG_WARN_DOCUMENTATION_COMMENTS = YES;
				CLANG_WARN_EMPTY_BODY = YES;
				CLANG_WARN_ENUM_CONVERSION = YES;
				CLANG_WARN_INFINITE_RECURSION = YES;
				CLANG_WARN_INT_CONVERSION = YES;
				CLANG_WARN_NON_LITERAL_NULL_CONVERSION = YES;
				CLANG_WARN_OBJC_IMPLICIT_RETAIN_SELF = YES;
				CLANG_WARN_OBJC_LITERAL_CONVERSION = YES;
				CLANG_WARN_OBJC_ROOT_CLASS = YES_ERROR;
				CLANG_WARN_QUOTED_INCLUDE_IN_FRAMEWORK_HEADER = YES;
				CLANG_WARN_RANGE_LOOP_ANALYSIS = YES;
				CLANG_WARN_STRICT_PROTOTYPES = YES;
				CLANG_WARN_SUSPICIOUS_MOVE = YES;
				CLANG_WARN_UNGUARDED_AVAILABILITY = YES_AGGRESSIVE;
				CLANG_WARN_UNREACHABLE_CODE = YES;
				CLANG_WARN__DUPLICATE_METHOD_MATCH = YES;
				COPY_PHASE_STRIP = NO;
				DEBUG_INFORMATION_FORMAT = dwarf;
				ENABLE_STRICT_OBJC_MSGSEND = YES;
				ENABLE_TESTABILITY = YES;
				GCC_C_LANGUAGE_STANDARD = gnu11;
				GCC_DYNAMIC_NO_PIC = NO;
				GCC_NO_COMMON_BLOCKS = YES;
				GCC_OPTIMIZATION_LEVEL = 0;
				GCC_PREPROCESSOR_DEFINITIONS = (
					"DEBUG=1",
					"$(inherited)",
				);
				GCC_WARN_64_TO_32_BIT_CONVERSION = YES;
				GCC_WARN_ABOUT_RETURN_TYPE = YES_ERROR;
				GCC_WARN_UNDECLARED_SELECTOR = YES;
				GCC_WARN_UNINITIALIZED_AUTOS = YES_AGGRESSIVE;
				GCC_WARN_UNUSED_FUNCTION = YES;
				GCC_WARN_UNUSED_VARIABLE = YES;
				IPHONEOS_DEPLOYMENT_TARGET = 16.4;
				MTL_ENABLE_DEBUG_INFO = INCLUDE_SOURCE;
				MTL_FAST_MATH = YES;
				ONLY_ACTIVE_ARCH = YES;
				SDKROOT = iphoneos;
				SWIFT_ACTIVE_COMPILATION_CONDITIONS = DEBUG;
				SWIFT_OPTIMIZATION_LEVEL = "-Onone";
			};
			name = Debug;
		};
		76185C3F2A5AEE1200DD29A7 /* Release */ = {
			isa = XCBuildConfiguration;
			buildSettings = {
				ALWAYS_SEARCH_USER_PATHS = NO;
				CLANG_ANALYZER_NONNULL = YES;
				CLANG_ANALYZER_NUMBER_OBJECT_CONVERSION = YES_AGGRESSIVE;
				CLANG_CXX_LANGUAGE_STANDARD = "gnu++20";
				CLANG_ENABLE_MODULES = YES;
				CLANG_ENABLE_OBJC_ARC = YES;
				CLANG_ENABLE_OBJC_WEAK = YES;
				CLANG_WARN_BLOCK_CAPTURE_AUTORELEASING = YES;
				CLANG_WARN_BOOL_CONVERSION = YES;
				CLANG_WARN_COMMA = YES;
				CLANG_WARN_CONSTANT_CONVERSION = YES;
				CLANG_WARN_DEPRECATED_OBJC_IMPLEMENTATIONS = YES;
				CLANG_WARN_DIRECT_OBJC_ISA_USAGE = YES_ERROR;
				CLANG_WARN_DOCUMENTATION_COMMENTS = YES;
				CLANG_WARN_EMPTY_BODY = YES;
				CLANG_WARN_ENUM_CONVERSION = YES;
				CLANG_WARN_INFINITE_RECURSION = YES;
				CLANG_WARN_INT_CONVERSION = YES;
				CLANG_WARN_NON_LITERAL_NULL_CONVERSION = YES;
				CLANG_WARN_OBJC_IMPLICIT_RETAIN_SELF = YES;
				CLANG_WARN_OBJC_LITERAL_CONVERSION = YES;
				CLANG_WARN_OBJC_ROOT_CLASS = YES_ERROR;
				CLANG_WARN_QUOTED_INCLUDE_IN_FRAMEWORK_HEADER = YES;
				CLANG_WARN_RANGE_LOOP_ANALYSIS = YES;
				CLANG_WARN_STRICT_PROTOTYPES = YES;
				CLANG_WARN_SUSPICIOUS_MOVE = YES;
				CLANG_WARN_UNGUARDED_AVAILABILITY = YES_AGGRESSIVE;
				CLANG_WARN_UNREACHABLE_CODE = YES;
				CLANG_WARN__DUPLICATE_METHOD_MATCH = YES;
				COPY_PHASE_STRIP = NO;
				DEBUG_INFORMATION_FORMAT = "dwarf-with-dsym";
				ENABLE_NS_ASSERTIONS = NO;
				ENABLE_STRICT_OBJC_MSGSEND = YES;
				GCC_C_LANGUAGE_STANDARD = gnu11;
				GCC_NO_COMMON_BLOCKS = YES;
				GCC_WARN_64_TO_32_BIT_CONVERSION = YES;
				GCC_WARN_ABOUT_RETURN_TYPE = YES_ERROR;
				GCC_WARN_UNDECLARED_SELECTOR = YES;
				GCC_WARN_UNINITIALIZED_AUTOS = YES_AGGRESSIVE;
				GCC_WARN_UNUSED_FUNCTION = YES;
				GCC_WARN_UNUSED_VARIABLE = YES;
				IPHONEOS_DEPLOYMENT_TARGET = 16.4;
				MTL_ENABLE_DEBUG_INFO = NO;
				MTL_FAST_MATH = YES;
				SDKROOT = iphoneos;
				SWIFT_COMPILATION_MODE = wholemodule;
				SWIFT_OPTIMIZATION_LEVEL = "-O";
				VALIDATE_PRODUCT = YES;
			};
			name = Release;
		};
		76185C412A5AEE1200DD29A7 /* Debug */ = {
			isa = XCBuildConfiguration;
			buildSettings = {
				ASSETCATALOG_COMPILER_APPICON_NAME = AppIcon;
				ASSETCATALOG_COMPILER_GLOBAL_ACCENT_COLOR_NAME = AccentColor;
				CODE_SIGN_STYLE = Automatic;
				CURRENT_PROJECT_VERSION = 1;
				GENERATE_INFOPLIST_FILE = YES;
				INFOPLIST_FILE = Today/Info.plist;
				INFOPLIST_KEY_NSRemindersUsageDescription = "Your reminders can help you stay on track.";
				INFOPLIST_KEY_UIApplicationSupportsIndirectInputEvents = YES;
				INFOPLIST_KEY_UILaunchStoryboardName = LaunchScreen;
				INFOPLIST_KEY_UIMainStoryboardFile = Main;
				INFOPLIST_KEY_UISupportedInterfaceOrientations_iPad = "UIInterfaceOrientationPortrait UIInterfaceOrientationPortraitUpsideDown UIInterfaceOrientationLandscapeLeft UIInterfaceOrientationLandscapeRight";
				INFOPLIST_KEY_UISupportedInterfaceOrientations_iPhone = "UIInterfaceOrientationPortrait UIInterfaceOrientationLandscapeLeft UIInterfaceOrientationLandscapeRight";
				LD_RUNPATH_SEARCH_PATHS = (
					"$(inherited)",
					"@executable_path/Frameworks",
				);
				MARKETING_VERSION = 1.0;
				PRODUCT_BUNDLE_IDENTIFIER = com.example.Today;
				PRODUCT_NAME = "$(TARGET_NAME)";
				SWIFT_EMIT_LOC_STRINGS = YES;
				SWIFT_VERSION = 5.0;
				TARGETED_DEVICE_FAMILY = "1,2";
			};
			name = Debug;
		};
		76185C422A5AEE1200DD29A7 /* Release */ = {
			isa = XCBuildConfiguration;
			buildSettings = {
				ASSETCATALOG_COMPILER_APPICON_NAME = AppIcon;
				ASSETCATALOG_COMPILER_GLOBAL_ACCENT_COLOR_NAME = AccentColor;
				CODE_SIGN_STYLE = Automatic;
				CURRENT_PROJECT_VERSION = 1;
				GENERATE_INFOPLIST_FILE = YES;
				INFOPLIST_FILE = Today/Info.plist;
				INFOPLIST_KEY_NSRemindersUsageDescription = "Your reminders can help you stay on track.";
				INFOPLIST_KEY_UIApplicationSupportsIndirectInputEvents = YES;
				INFOPLIST_KEY_UILaunchStoryboardName = LaunchScreen;
				INFOPLIST_KEY_UIMainStoryboardFile = Main;
				INFOPLIST_KEY_UISupportedInterfaceOrientations_iPad = "UIInterfaceOrientationPortrait UIInterfaceOrientationPortraitUpsideDown UIInterfaceOrientationLandscapeLeft UIInterfaceOrientationLandscapeRight";
				INFOPLIST_KEY_UISupportedInterfaceOrientations_iPhone = "UIInterfaceOrientationPortrait UIInterfaceOrientationLandscapeLeft UIInterfaceOrientationLandscapeRight";
				LD_RUNPATH_SEARCH_PATHS = (
					"$(inherited)",
					"@executable_path/Frameworks",
				);
				MARKETING_VERSION = 1.0;
				PRODUCT_BUNDLE_IDENTIFIER = com.example.Today;
				PRODUCT_NAME = "$(TARGET_NAME)";
				SWIFT_EMIT_LOC_STRINGS = YES;
				SWIFT_VERSION = 5.0;
				TARGETED_DEVICE_FAMILY = "1,2";
			};
			name = Release;
		};
/* End XCBuildConfiguration section */

/* Begin XCConfigurationList section */
		76185C272A5AEE1100DD29A7 /* Build configuration list for PBXProject "Today" */ = {
			isa = XCConfigurationList;
			buildConfigurations = (
				76185C3E2A5AEE1200DD29A7 /* Debug */,
				76185C3F2A5AEE1200DD29A7 /* Release */,
			);
			defaultConfigurationIsVisible = 0;
			defaultConfigurationName = Release;
		};
		76185C402A5AEE1200DD29A7 /* Build configuration list for PBXNativeTarget "Today" */ = {
			isa = XCConfigurationList;
			buildConfigurations = (
				76185C412A5AEE1200DD29A7 /* Debug */,
				76185C422A5AEE1200DD29A7 /* Release */,
			);
			defaultConfigurationIsVisible = 0;
			defaultConfigurationName = Release;
		};
/* End XCConfigurationList section */
	};
	rootObject = 76185C242A5AEE1100DD29A7 /* Project object */;
}
